// !$*UTF8*$!
{
	archiveVersion = 1;
	classes = {
	};
	objectVersion = 50;
	objects = {

/* Begin PBXBuildFile section */
		F7AE253824E4095700A8C6B5 /* AppDelegate.swift in Sources */ = {isa = PBXBuildFile; fileRef = F7AE253724E4095700A8C6B5 /* AppDelegate.swift */; };
		F7AE253A24E4095700A8C6B5 /* art.scnassets in Resources */ = {isa = PBXBuildFile; fileRef = F7AE253924E4095700A8C6B5 /* art.scnassets */; };
		F7AE253C24E4095700A8C6B5 /* ViewController.swift in Sources */ = {isa = PBXBuildFile; fileRef = F7AE253B24E4095700A8C6B5 /* ViewController.swift */; };
		F7AE253F24E4095700A8C6B5 /* Main.storyboard in Resources */ = {isa = PBXBuildFile; fileRef = F7AE253D24E4095700A8C6B5 /* Main.storyboard */; };
		F7AE254124E4095800A8C6B5 /* Assets.xcassets in Resources */ = {isa = PBXBuildFile; fileRef = F7AE254024E4095800A8C6B5 /* Assets.xcassets */; };
		F7AE254424E4095800A8C6B5 /* LaunchScreen.storyboard in Resources */ = {isa = PBXBuildFile; fileRef = F7AE254224E4095800A8C6B5 /* LaunchScreen.storyboard */; };
/* End PBXBuildFile section */

/* Begin PBXFileReference section */
		F7AE253424E4095700A8C6B5 /* Petmeetch.app */ = {isa = PBXFileReference; explicitFileType = wrapper.application; includeInIndex = 0; path = Petmeetch.app; sourceTree = BUILT_PRODUCTS_DIR; };
		F7AE253724E4095700A8C6B5 /* AppDelegate.swift */ = {isa = PBXFileReference; lastKnownFileType = sourcecode.swift; path = AppDelegate.swift; sourceTree = "<group>"; };
		F7AE253924E4095700A8C6B5 /* art.scnassets */ = {isa = PBXFileReference; lastKnownFileType = wrapper.scnassets; path = art.scnassets; sourceTree = "<group>"; };
		F7AE253B24E4095700A8C6B5 /* ViewController.swift */ = {isa = PBXFileReference; lastKnownFileType = sourcecode.swift; path = ViewController.swift; sourceTree = "<group>"; };
		F7AE253E24E4095700A8C6B5 /* Base */ = {isa = PBXFileReference; lastKnownFileType = file.storyboard; name = Base; path = Base.lproj/Main.storyboard; sourceTree = "<group>"; };
		F7AE254024E4095800A8C6B5 /* Assets.xcassets */ = {isa = PBXFileReference; lastKnownFileType = folder.assetcatalog; path = Assets.xcassets; sourceTree = "<group>"; };
		F7AE254324E4095800A8C6B5 /* Base */ = {isa = PBXFileReference; lastKnownFileType = file.storyboard; name = Base; path = Base.lproj/LaunchScreen.storyboard; sourceTree = "<group>"; };
		F7AE254524E4095800A8C6B5 /* Info.plist */ = {isa = PBXFileReference; lastKnownFileType = text.plist.xml; path = Info.plist; sourceTree = "<group>"; };
/* End PBXFileReference section */

/* Begin PBXFrameworksBuildPhase section */
		F7AE253124E4095700A8C6B5 /* Frameworks */ = {
			isa = PBXFrameworksBuildPhase;
			buildActionMask = 2147483647;
			files = (
			);
			runOnlyForDeploymentPostprocessing = 0;
		};
/* End PBXFrameworksBuildPhase section */

/* Begin PBXGroup section */
		F7AE252B24E4095700A8C6B5 = {
			isa = PBXGroup;
			children = (
				F7AE253624E4095700A8C6B5 /* Petmeetch */,
				F7AE253524E4095700A8C6B5 /* Products */,
			);
			sourceTree = "<group>";
		};
		F7AE253524E4095700A8C6B5 /* Products */ = {
			isa = PBXGroup;
			children = (
				F7AE253424E4095700A8C6B5 /* Petmeetch.app */,
			);
			name = Products;
			sourceTree = "<group>";
		};
		F7AE253624E4095700A8C6B5 /* Petmeetch */ = {
			isa = PBXGroup;
			children = (
				F7AE253724E4095700A8C6B5 /* AppDelegate.swift */,
				F7AE253924E4095700A8C6B5 /* art.scnassets */,
				F7AE253B24E4095700A8C6B5 /* ViewController.swift */,
				F7AE253D24E4095700A8C6B5 /* Main.storyboard */,
				F7AE254024E4095800A8C6B5 /* Assets.xcassets */,
				F7AE254224E4095800A8C6B5 /* LaunchScreen.storyboard */,
				F7AE254524E4095800A8C6B5 /* Info.plist */,
			);
			path = Petmeetch;
			sourceTree = "<group>";
		};
/* End PBXGroup section */

/* Begin PBXNativeTarget section */
		F7AE253324E4095700A8C6B5 /* Petmeetch */ = {
			isa = PBXNativeTarget;
			buildConfigurationList = F7AE254824E4095800A8C6B5 /* Build configuration list for PBXNativeTarget "Petmeetch" */;
			buildPhases = (
				F7AE253024E4095700A8C6B5 /* Sources */,
				F7AE253124E4095700A8C6B5 /* Frameworks */,
				F7AE253224E4095700A8C6B5 /* Resources */,
			);
			buildRules = (
			);
			dependencies = (
			);
			name = Petmeetch;
			productName = Petmeetch;
			productReference = F7AE253424E4095700A8C6B5 /* Petmeetch.app */;
			productType = "com.apple.product-type.application";
		};
/* End PBXNativeTarget section */

/* Begin PBXProject section */
		F7AE252C24E4095700A8C6B5 /* Project object */ = {
			isa = PBXProject;
			attributes = {
				LastSwiftUpdateCheck = 1130;
				LastUpgradeCheck = 1130;
				ORGANIZATIONNAME = "Peiru Chiu";
				TargetAttributes = {
					F7AE253324E4095700A8C6B5 = {
						CreatedOnToolsVersion = 11.3.1;
					};
				};
			};
			buildConfigurationList = F7AE252F24E4095700A8C6B5 /* Build configuration list for PBXProject "Petmeetch" */;
			compatibilityVersion = "Xcode 9.3";
			developmentRegion = en;
			hasScannedForEncodings = 0;
			knownRegions = (
				en,
				Base,
			);
			mainGroup = F7AE252B24E4095700A8C6B5;
			productRefGroup = F7AE253524E4095700A8C6B5 /* Products */;
			projectDirPath = "";
			projectRoot = "";
			targets = (
				F7AE253324E4095700A8C6B5 /* Petmeetch */,
			);
		};
/* End PBXProject section */

/* Begin PBXResourcesBuildPhase section */
		F7AE253224E4095700A8C6B5 /* Resources */ = {
			isa = PBXResourcesBuildPhase;
			buildActionMask = 2147483647;
			files = (
				F7AE253A24E4095700A8C6B5 /* art.scnassets in Resources */,
				F7AE254424E4095800A8C6B5 /* LaunchScreen.storyboard in Resources */,
				F7AE254124E4095800A8C6B5 /* Assets.xcassets in Resources */,
				F7AE253F24E4095700A8C6B5 /* Main.storyboard in Resources */,
			);
			runOnlyForDeploymentPostprocessing = 0;
		};
/* End PBXResourcesBuildPhase section */

/* Begin PBXSourcesBuildPhase section */
		F7AE253024E4095700A8C6B5 /* Sources */ = {
			isa = PBXSourcesBuildPhase;
			buildActionMask = 2147483647;
			files = (
				F7AE253C24E4095700A8C6B5 /* ViewController.swift in Sources */,
				F7AE253824E4095700A8C6B5 /* AppDelegate.swift in Sources */,
			);
			runOnlyForDeploymentPostprocessing = 0;
		};
/* End PBXSourcesBuildPhase section */

/* Begin PBXVariantGroup section */
		F7AE253D24E4095700A8C6B5 /* Main.storyboard */ = {
			isa = PBXVariantGroup;
			children = (
				F7AE253E24E4095700A8C6B5 /* Base */,
			);
			name = Main.storyboard;
			sourceTree = "<group>";
		};
		F7AE254224E4095800A8C6B5 /* LaunchScreen.storyboard */ = {
			isa = PBXVariantGroup;
			children = (
				F7AE254324E4095800A8C6B5 /* Base */,
			);
			name = LaunchScreen.storyboard;
			sourceTree = "<group>";
		};
/* End PBXVariantGroup section */

/* Begin XCBuildConfiguration section */
		F7AE254624E4095800A8C6B5 /* Debug */ = {
			isa = XCBuildConfiguration;
			buildSettings = {
				ALWAYS_SEARCH_USER_PATHS = NO;
				CLANG_ANALYZER_NONNULL = YES;
				CLANG_ANALYZER_NUMBER_OBJECT_CONVERSION = YES_AGGRESSIVE;
				CLANG_CXX_LANGUAGE_STANDARD = "gnu++14";
				CLANG_CXX_LIBRARY = "libc++";
				CLANG_ENABLE_MODULES = YES;
				CLANG_ENABLE_OBJC_ARC = YES;
				CLANG_ENABLE_OBJC_WEAK = YES;
				CLANG_WARN_BLOCK_CAPTURE_AUTORELEASING = YES;
				CLANG_WARN_BOOL_CONVERSION = YES;
				CLANG_WARN_COMMA = YES;
				CLANG_WARN_CONSTANT_CONVERSION = YES;
				CLANG_WARN_DEPRECATED_OBJC_IMPLEMENTATIONS = YES;
				CLANG_WARN_DIRECT_OBJC_ISA_USAGE = YES_ERROR;
				CLANG_WARN_DOCUMENTATION_COMMENTS = YES;
				CLANG_WARN_EMPTY_BODY = YES;
				CLANG_WARN_ENUM_CONVERSION = YES;
				CLANG_WARN_INFINITE_RECURSION = YES;
				CLANG_WARN_INT_CONVERSION = YES;
				CLANG_WARN_NON_LITERAL_NULL_CONVERSION = YES;
				CLANG_WARN_OBJC_IMPLICIT_RETAIN_SELF = YES;
				CLANG_WARN_OBJC_LITERAL_CONVERSION = YES;
				CLANG_WARN_OBJC_ROOT_CLASS = YES_ERROR;
				CLANG_WARN_RANGE_LOOP_ANALYSIS = YES;
				CLANG_WARN_STRICT_PROTOTYPES = YES;
				CLANG_WARN_SUSPICIOUS_MOVE = YES;
				CLANG_WARN_UNGUARDED_AVAILABILITY = YES_AGGRESSIVE;
				CLANG_WARN_UNREACHABLE_CODE = YES;
				CLANG_WARN__DUPLICATE_METHOD_MATCH = YES;
				COPY_PHASE_STRIP = NO;
				DEBUG_INFORMATION_FORMAT = dwarf;
				ENABLE_STRICT_OBJC_MSGSEND = YES;
				ENABLE_TESTABILITY = YES;
				GCC_C_LANGUAGE_STANDARD = gnu11;
				GCC_DYNAMIC_NO_PIC = NO;
				GCC_NO_COMMON_BLOCKS = YES;
				GCC_OPTIMIZATION_LEVEL = 0;
				GCC_PREPROCESSOR_DEFINITIONS = (
					"DEBUG=1",
					"$(inherited)",
				);
				GCC_WARN_64_TO_32_BIT_CONVERSION = YES;
				GCC_WARN_ABOUT_RETURN_TYPE = YES_ERROR;
				GCC_WARN_UNDECLARED_SELECTOR = YES;
				GCC_WARN_UNINITIALIZED_AUTOS = YES_AGGRESSIVE;
				GCC_WARN_UNUSED_FUNCTION = YES;
				GCC_WARN_UNUSED_VARIABLE = YES;
				IPHONEOS_DEPLOYMENT_TARGET = 13.2;
				MTL_ENABLE_DEBUG_INFO = INCLUDE_SOURCE;
				MTL_FAST_MATH = YES;
				ONLY_ACTIVE_ARCH = YES;
				SDKROOT = iphoneos;
				SWIFT_ACTIVE_COMPILATION_CONDITIONS = DEBUG;
				SWIFT_OPTIMIZATION_LEVEL = "-Onone";
			};
			name = Debug;
		};
		F7AE254724E4095800A8C6B5 /* Release */ = {
			isa = XCBuildConfiguration;
			buildSettings = {
				ALWAYS_SEARCH_USER_PATHS = NO;
				CLANG_ANALYZER_NONNULL = YES;
				CLANG_ANALYZER_NUMBER_OBJECT_CONVERSION = YES_AGGRESSIVE;
				CLANG_CXX_LANGUAGE_STANDARD = "gnu++14";
				CLANG_CXX_LIBRARY = "libc++";
				CLANG_ENABLE_MODULES = YES;
				CLANG_ENABLE_OBJC_ARC = YES;
				CLANG_ENABLE_OBJC_WEAK = YES;
				CLANG_WARN_BLOCK_CAPTURE_AUTORELEASING = YES;
				CLANG_WARN_BOOL_CONVERSION = YES;
				CLANG_WARN_COMMA = YES;
				CLANG_WARN_CONSTANT_CONVERSION = YES;
				CLANG_WARN_DEPRECATED_OBJC_IMPLEMENTATIONS = YES;
				CLANG_WARN_DIRECT_OBJC_ISA_USAGE = YES_ERROR;
				CLANG_WARN_DOCUMENTATION_COMMENTS = YES;
				CLANG_WARN_EMPTY_BODY = YES;
				CLANG_WARN_ENUM_CONVERSION = YES;
				CLANG_WARN_INFINITE_RECURSION = YES;
				CLANG_WARN_INT_CONVERSION = YES;
				CLANG_WARN_NON_LITERAL_NULL_CONVERSION = YES;
				CLANG_WARN_OBJC_IMPLICIT_RETAIN_SELF = YES;
				CLANG_WARN_OBJC_LITERAL_CONVERSION = YES;
				CLANG_WARN_OBJC_ROOT_CLASS = YES_ERROR;
				CLANG_WARN_RANGE_LOOP_ANALYSIS = YES;
				CLANG_WARN_STRICT_PROTOTYPES = YES;
				CLANG_WARN_SUSPICIOUS_MOVE = YES;
				CLANG_WARN_UNGUARDED_AVAILABILITY = YES_AGGRESSIVE;
				CLANG_WARN_UNREACHABLE_CODE = YES;
				CLANG_WARN__DUPLICATE_METHOD_MATCH = YES;
				COPY_PHASE_STRIP = NO;
				DEBUG_INFORMATION_FORMAT = "dwarf-with-dsym";
				ENABLE_NS_ASSERTIONS = NO;
				ENABLE_STRICT_OBJC_MSGSEND = YES;
				GCC_C_LANGUAGE_STANDARD = gnu11;
				GCC_NO_COMMON_BLOCKS = YES;
				GCC_WARN_64_TO_32_BIT_CONVERSION = YES;
				GCC_WARN_ABOUT_RETURN_TYPE = YES_ERROR;
				GCC_WARN_UNDECLARED_SELECTOR = YES;
				GCC_WARN_UNINITIALIZED_AUTOS = YES_AGGRESSIVE;
				GCC_WARN_UNUSED_FUNCTION = YES;
				GCC_WARN_UNUSED_VARIABLE = YES;
				IPHONEOS_DEPLOYMENT_TARGET = 13.2;
				MTL_ENABLE_DEBUG_INFO = NO;
				MTL_FAST_MATH = YES;
				SDKROOT = iphoneos;
				SWIFT_COMPILATION_MODE = wholemodule;
				SWIFT_OPTIMIZATION_LEVEL = "-O";
				VALIDATE_PRODUCT = YES;
			};
			name = Release;
		};
		F7AE254924E4095800A8C6B5 /* Debug */ = {
			isa = XCBuildConfiguration;
			buildSettings = {
				ASSETCATALOG_COMPILER_APPICON_NAME = AppIcon;
				CODE_SIGN_STYLE = Automatic;
				DEVELOPMENT_TEAM = 2LSWL266A7;
				INFOPLIST_FILE = Petmeetch/Info.plist;
				LD_RUNPATH_SEARCH_PATHS = (
					"$(inherited)",
					"@executable_path/Frameworks",
				);
				PRODUCT_BUNDLE_IDENTIFIER = com.PPCompany.Petmeetch;
				PRODUCT_NAME = "$(TARGET_NAME)";
				SWIFT_VERSION = 5.0;
				TARGETED_DEVICE_FAMILY = "1,2";
			};
			name = Debug;
		};
		F7AE254A24E4095800A8C6B5 /* Release */ = {
			isa = XCBuildConfiguration;
			buildSettings = {
				ASSETCATALOG_COMPILER_APPICON_NAME = AppIcon;
				CODE_SIGN_STYLE = Automatic;
				DEVELOPMENT_TEAM = 2LSWL266A7;
				INFOPLIST_FILE = Petmeetch/Info.plist;
				LD_RUNPATH_SEARCH_PATHS = (
					"$(inherited)",
					"@executable_path/Frameworks",
				);
				PRODUCT_BUNDLE_IDENTIFIER = com.PPCompany.Petmeetch;
				PRODUCT_NAME = "$(TARGET_NAME)";
				SWIFT_VERSION = 5.0;
				TARGETED_DEVICE_FAMILY = "1,2";
			};
			name = Release;
		};
/* End XCBuildConfiguration section */

/* Begin XCConfigurationList section */
		F7AE252F24E4095700A8C6B5 /* Build configuration list for PBXProject "Petmeetch" */ = {
			isa = XCConfigurationList;
			buildConfigurations = (
				F7AE254624E4095800A8C6B5 /* Debug */,
				F7AE254724E4095800A8C6B5 /* Release */,
			);
			defaultConfigurationIsVisible = 0;
			defaultConfigurationName = Release;
		};
		F7AE254824E4095800A8C6B5 /* Build configuration list for PBXNativeTarget "Petmeetch" */ = {
			isa = XCConfigurationList;
			buildConfigurations = (
				F7AE254924E4095800A8C6B5 /* Debug */,
				F7AE254A24E4095800A8C6B5 /* Release */,
			);
			defaultConfigurationIsVisible = 0;
			defaultConfigurationName = Release;
		};
/* End XCConfigurationList section */
	};
	rootObject = F7AE252C24E4095700A8C6B5 /* Project object */;
}
